
Microsoft Visual Studio Solution File, Format Version 12.00
# Visual Studio 2013
VisualStudioVersion = 12.0.0.0
MinimumVisualStudioVersion = 10.0.0.1
Project("{FAE04EC0-301F-11D3-BF4B-00C04F79EFBC}") = "src", "src\OmniAccessor.NET.csproj", "{32D759C2-387B-47AD-9A61-FA9EDCC81C87}"
EndProject
Project("{2150E333-8FDC-42A3-9474-1A3956D46DE8}") = "Solution Files", "Solution Files", "{550125FD-42A0-44F7-A58E-24D27EB2DD9E}"
ProjectSection(SolutionItems) = preProject
	.editorconfig = .editorconfig
	.gitattributes = .gitattributes
	.gitignore = .gitignore
	LICENSE = LICENSE
	README.md = README.md
EndProjectSection
EndProject
Project("{FAE04EC0-301F-11D3-BF4B-00C04F79EFBC}") = "OmniAccessor.NET.Test", "test\OmniAccessor.NET.Test.csproj", "{00000000-0000-0000-0000-000000000000}"
EndProject
Global
	GlobalSection(SolutionConfigurationPlatforms) = preSolution
		Debug|Any CPU = Debug|Any CPU
		Release|Any CPU = Release|Any CPU
	EndGlobalSection
	GlobalSection(ProjectConfigurationPlatforms) = postSolution
		{32D759C2-387B-47AD-9A61-FA9EDCC81C87}.Debug|Any CPU.ActiveCfg = Debug|Any CPU
		{32D759C2-387B-47AD-9A61-FA9EDCC81C87}.Debug|Any CPU.Build.0 = Debug|Any CPU
		{32D759C2-387B-47AD-9A61-FA9EDCC81C87}.Release|Any CPU.ActiveCfg = Release|Any CPU
		{32D759C2-387B-47AD-9A61-FA9EDCC81C87}.Release|Any CPU.Build.0 = Release|Any CPU
		{00000000-0000-0000-0000-000000000000}.Debug|Any CPU.ActiveCfg = Debug|Any CPU
		{00000000-0000-0000-0000-000000000000}.Debug|Any CPU.Build.0 = Debug|Any CPU
		{00000000-0000-0000-0000-000000000000}.Release|Any CPU.ActiveCfg = Release|Any CPU
		{00000000-0000-0000-0000-000000000000}.Release|Any CPU.Build.0 = Release|Any CPU
	EndGlobalSection
	GlobalSection(SolutionProperties) = preSolution
		HideSolutionNode = FALSE
	EndGlobalSection
EndGlobal
